
Microsoft Visual Studio Solution File, Format Version 12.00
# Visual Studio 15
VisualStudioVersion = 15.0.28010.2046
MinimumVisualStudioVersion = 10.0.40219.1
Project("{FAE04EC0-301F-11D3-BF4B-00C04F79EFBC}") = "ProyectoFinalServicios", "ProyectoFinalServicios\ProyectoFinalServicios.csproj", "{881B085A-09E8-4670-9E8D-02CB4021AC48}"
EndProject
Project("{FAE04EC0-301F-11D3-BF4B-00C04F79EFBC}") = "AccesoDatos", "AccesoDatos\AccesoDatos.csproj", "{E61E0FDD-0136-446B-AFB0-2BB9225BB172}"
EndProject
Project("{FAE04EC0-301F-11D3-BF4B-00C04F79EFBC}") = "Interfaces", "Interfaces\Interfaces.csproj", "{F23A7B5B-B345-494F-90B0-D96F942CBCE0}"
EndProject
Project("{FAE04EC0-301F-11D3-BF4B-00C04F79EFBC}") = "LogicaNegocios", "LogicaNegocios\LogicaNegocios.csproj", "{F2E3C544-340E-4721-80C7-BEF09F4A5DB5}"
EndProject
Project("{FAE04EC0-301F-11D3-BF4B-00C04F79EFBC}") = "Modelo", "Modelo\Modelo.csproj", "{C57F4BB0-7FC3-470B-9C2D-E2CA4B6F1A08}"
EndProject
Global
	GlobalSection(SolutionConfigurationPlatforms) = preSolution
		Debug|Any CPU = Debug|Any CPU
		Release|Any CPU = Release|Any CPU
	EndGlobalSection
	GlobalSection(ProjectConfigurationPlatforms) = postSolution
		{881B085A-09E8-4670-9E8D-02CB4021AC48}.Debug|Any CPU.ActiveCfg = Debug|Any CPU
		{881B085A-09E8-4670-9E8D-02CB4021AC48}.Debug|Any CPU.Build.0 = Debug|Any CPU
		{881B085A-09E8-4670-9E8D-02CB4021AC48}.Release|Any CPU.ActiveCfg = Release|Any CPU
		{881B085A-09E8-4670-9E8D-02CB4021AC48}.Release|Any CPU.Build.0 = Release|Any CPU
		{E61E0FDD-0136-446B-AFB0-2BB9225BB172}.Debug|Any CPU.ActiveCfg = Debug|Any CPU
		{E61E0FDD-0136-446B-AFB0-2BB9225BB172}.Debug|Any CPU.Build.0 = Debug|Any CPU
		{E61E0FDD-0136-446B-AFB0-2BB9225BB172}.Release|Any CPU.ActiveCfg = Release|Any CPU
		{E61E0FDD-0136-446B-AFB0-2BB9225BB172}.Release|Any CPU.Build.0 = Release|Any CPU
		{F23A7B5B-B345-494F-90B0-D96F942CBCE0}.Debug|Any CPU.ActiveCfg = Debug|Any CPU
		{F23A7B5B-B345-494F-90B0-D96F942CBCE0}.Debug|Any CPU.Build.0 = Debug|Any CPU
		{F23A7B5B-B345-494F-90B0-D96F942CBCE0}.Release|Any CPU.ActiveCfg = Release|Any CPU
		{F23A7B5B-B345-494F-90B0-D96F942CBCE0}.Release|Any CPU.Build.0 = Release|Any CPU
		{F2E3C544-340E-4721-80C7-BEF09F4A5DB5}.Debug|Any CPU.ActiveCfg = Debug|Any CPU
		{F2E3C544-340E-4721-80C7-BEF09F4A5DB5}.Debug|Any CPU.Build.0 = Debug|Any CPU
		{F2E3C544-340E-4721-80C7-BEF09F4A5DB5}.Release|Any CPU.ActiveCfg = Release|Any CPU
		{F2E3C544-340E-4721-80C7-BEF09F4A5DB5}.Release|Any CPU.Build.0 = Release|Any CPU
		{C57F4BB0-7FC3-470B-9C2D-E2CA4B6F1A08}.Debug|Any CPU.ActiveCfg = Debug|Any CPU
		{C57F4BB0-7FC3-470B-9C2D-E2CA4B6F1A08}.Debug|Any CPU.Build.0 = Debug|Any CPU
		{C57F4BB0-7FC3-470B-9C2D-E2CA4B6F1A08}.Release|Any CPU.ActiveCfg = Release|Any CPU
		{C57F4BB0-7FC3-470B-9C2D-E2CA4B6F1A08}.Release|Any CPU.Build.0 = Release|Any CPU
	EndGlobalSection
	GlobalSection(SolutionProperties) = preSolution
		HideSolutionNode = FALSE
	EndGlobalSection
	GlobalSection(ExtensibilityGlobals) = postSolution
		SolutionGuid = {781C07BB-1477-4724-A8D8-4BD76881E436}
	EndGlobalSection
EndGlobal
